
Microsoft Visual Studio Solution File, Format Version 12.00
# Visual Studio Version 17
VisualStudioVersion = 17.2.32630.192
MinimumVisualStudioVersion = 10.0.40219.1
Project("{9A19103F-16F7-4668-BE54-9A1E7A4F7556}") = "weatherapi", "weatherapi.csproj", "{0AA8E2FF-2F99-442E-9B9B-9889F859CA7B}"
EndProject
Global
	GlobalSection(SolutionConfigurationPlatforms) = preSolution
		Debug|Any CPU = Debug|Any CPU
		Release|Any CPU = Release|Any CPU
	EndGlobalSection
	GlobalSection(ProjectConfigurationPlatforms) = postSolution
		{0AA8E2FF-2F99-442E-9B9B-9889F859CA7B}.Debug|Any CPU.ActiveCfg = Debug|Any CPU
		{0AA8E2FF-2F99-442E-9B9B-9889F859CA7B}.Debug|Any CPU.Build.0 = Debug|Any CPU
		{0AA8E2FF-2F99-442E-9B9B-9889F859CA7B}.Release|Any CPU.ActiveCfg = Release|Any CPU
		{0AA8E2FF-2F99-442E-9B9B-9889F859CA7B}.Release|Any CPU.Build.0 = Release|Any CPU
	EndGlobalSection
	GlobalSection(SolutionProperties) = preSolution
		HideSolutionNode = FALSE
	EndGlobalSection
	GlobalSection(ExtensibilityGlobals) = postSolution
		SolutionGuid = {30A2AAEA-5986-4D9D-9B73-3BBD0F5F6F2A}
	EndGlobalSection
EndGlobal
